
Microsoft Visual Studio Solution File, Format Version 12.00
# Visual Studio 15
VisualStudioVersion = 15.0.27130.2024
MinimumVisualStudioVersion = 10.0.40219.1
Project("{FAE04EC0-301F-11D3-BF4B-00C04F79EFBC}") = "CountCharacters", "CountCharacters\CountCharacters.csproj", "{1F5CC5EE-991F-40F1-8578-C7855658ED90}"
EndProject
Global
	GlobalSection(SolutionConfigurationPlatforms) = preSolution
		Debug|Any CPU = Debug|Any CPU
		Release|Any CPU = Release|Any CPU
	EndGlobalSection
	GlobalSection(ProjectConfigurationPlatforms) = postSolution
		{1F5CC5EE-991F-40F1-8578-C7855658ED90}.Debug|Any CPU.ActiveCfg = Debug|Any CPU
		{1F5CC5EE-991F-40F1-8578-C7855658ED90}.Debug|Any CPU.Build.0 = Debug|Any CPU
		{1F5CC5EE-991F-40F1-8578-C7855658ED90}.Release|Any CPU.ActiveCfg = Release|Any CPU
		{1F5CC5EE-991F-40F1-8578-C7855658ED90}.Release|Any CPU.Build.0 = Release|Any CPU
	EndGlobalSection
	GlobalSection(SolutionProperties) = preSolution
		HideSolutionNode = FALSE
	EndGlobalSection
	GlobalSection(ExtensibilityGlobals) = postSolution
		SolutionGuid = {98464898-5A75-4A02-9A99-88EE066CC7B4}
	EndGlobalSection
EndGlobal
